
Microsoft Visual Studio Solution File, Format Version 12.00
# Visual Studio Version 16
VisualStudioVersion = 16.0.30503.244
MinimumVisualStudioVersion = 10.0.40219.1
Project("{9A19103F-16F7-4668-BE54-9A1E7A4F7556}") = "myweb", "myweb.csproj", "{5F234CCC-ECEC-4782-8A5C-798ECDB1FC5D}"
EndProject
Project("{FAE04EC0-301F-11D3-BF4B-00C04F79EFBC}") = "myWebTest", "..\myWebTest\myWebTest.csproj", "{E200AB01-B432-4A99-B31F-FBCF03BF59AB}"
EndProject
Global
	GlobalSection(SolutionConfigurationPlatforms) = preSolution
		Debug|Any CPU = Debug|Any CPU
		Release|Any CPU = Release|Any CPU
	EndGlobalSection
	GlobalSection(ProjectConfigurationPlatforms) = postSolution
		{5F234CCC-ECEC-4782-8A5C-798ECDB1FC5D}.Debug|Any CPU.ActiveCfg = Debug|Any CPU
		{5F234CCC-ECEC-4782-8A5C-798ECDB1FC5D}.Debug|Any CPU.Build.0 = Debug|Any CPU
		{5F234CCC-ECEC-4782-8A5C-798ECDB1FC5D}.Release|Any CPU.ActiveCfg = Release|Any CPU
		{5F234CCC-ECEC-4782-8A5C-798ECDB1FC5D}.Release|Any CPU.Build.0 = Release|Any CPU
		{E200AB01-B432-4A99-B31F-FBCF03BF59AB}.Debug|Any CPU.ActiveCfg = Debug|Any CPU
		{E200AB01-B432-4A99-B31F-FBCF03BF59AB}.Debug|Any CPU.Build.0 = Debug|Any CPU
		{E200AB01-B432-4A99-B31F-FBCF03BF59AB}.Release|Any CPU.ActiveCfg = Release|Any CPU
		{E200AB01-B432-4A99-B31F-FBCF03BF59AB}.Release|Any CPU.Build.0 = Release|Any CPU
	EndGlobalSection
	GlobalSection(SolutionProperties) = preSolution
		HideSolutionNode = FALSE
	EndGlobalSection
	GlobalSection(ExtensibilityGlobals) = postSolution
		SolutionGuid = {0076C323-D67E-4F75-B87C-2546985180EC}
	EndGlobalSection
EndGlobal
